
Microsoft Visual Studio Solution File, Format Version 12.00
# Visual Studio 15
VisualStudioVersion = 15.0.28307.271
MinimumVisualStudioVersion = 10.0.40219.1
Project("{9A19103F-16F7-4668-BE54-9A1E7A4F7556}") = "CalculatorApp", "CaculatorApp\CalculatorApp.csproj", "{23954D6F-3453-4BF1-9B42-E3E35EC49E91}"
EndProject
Project("{9A19103F-16F7-4668-BE54-9A1E7A4F7556}") = "ApplicationService", "ApplicationService\ApplicationService.csproj", "{B616EF11-010A-4417-B969-94D2D2E2BBFB}"
EndProject
Project("{9A19103F-16F7-4668-BE54-9A1E7A4F7556}") = "Tests", "Tests\Tests.csproj", "{C9C23D62-323D-4F7E-A2D1-414D4EEC2DA4}"
EndProject
Project("{9A19103F-16F7-4668-BE54-9A1E7A4F7556}") = "EntityService", "EntityService\EntityService.csproj", "{BB407049-F21D-4BAE-83B5-780762A83366}"
EndProject
Project("{9A19103F-16F7-4668-BE54-9A1E7A4F7556}") = "Infrastructure", "Infrastructure\Infrastructure.csproj", "{30A677DD-A527-4269-9595-D13118FA3F65}"
EndProject
Global
	GlobalSection(SolutionConfigurationPlatforms) = preSolution
		Debug|Any CPU = Debug|Any CPU
		Release|Any CPU = Release|Any CPU
	EndGlobalSection
	GlobalSection(ProjectConfigurationPlatforms) = postSolution
		{23954D6F-3453-4BF1-9B42-E3E35EC49E91}.Debug|Any CPU.ActiveCfg = Debug|Any CPU
		{23954D6F-3453-4BF1-9B42-E3E35EC49E91}.Debug|Any CPU.Build.0 = Debug|Any CPU
		{23954D6F-3453-4BF1-9B42-E3E35EC49E91}.Release|Any CPU.ActiveCfg = Release|Any CPU
		{23954D6F-3453-4BF1-9B42-E3E35EC49E91}.Release|Any CPU.Build.0 = Release|Any CPU
		{B616EF11-010A-4417-B969-94D2D2E2BBFB}.Debug|Any CPU.ActiveCfg = Debug|Any CPU
		{B616EF11-010A-4417-B969-94D2D2E2BBFB}.Debug|Any CPU.Build.0 = Debug|Any CPU
		{B616EF11-010A-4417-B969-94D2D2E2BBFB}.Release|Any CPU.ActiveCfg = Release|Any CPU
		{B616EF11-010A-4417-B969-94D2D2E2BBFB}.Release|Any CPU.Build.0 = Release|Any CPU
		{C9C23D62-323D-4F7E-A2D1-414D4EEC2DA4}.Debug|Any CPU.ActiveCfg = Debug|Any CPU
		{C9C23D62-323D-4F7E-A2D1-414D4EEC2DA4}.Debug|Any CPU.Build.0 = Debug|Any CPU
		{C9C23D62-323D-4F7E-A2D1-414D4EEC2DA4}.Release|Any CPU.ActiveCfg = Release|Any CPU
		{C9C23D62-323D-4F7E-A2D1-414D4EEC2DA4}.Release|Any CPU.Build.0 = Release|Any CPU
		{BB407049-F21D-4BAE-83B5-780762A83366}.Debug|Any CPU.ActiveCfg = Debug|Any CPU
		{BB407049-F21D-4BAE-83B5-780762A83366}.Debug|Any CPU.Build.0 = Debug|Any CPU
		{BB407049-F21D-4BAE-83B5-780762A83366}.Release|Any CPU.ActiveCfg = Release|Any CPU
		{BB407049-F21D-4BAE-83B5-780762A83366}.Release|Any CPU.Build.0 = Release|Any CPU
		{30A677DD-A527-4269-9595-D13118FA3F65}.Debug|Any CPU.ActiveCfg = Debug|Any CPU
		{30A677DD-A527-4269-9595-D13118FA3F65}.Debug|Any CPU.Build.0 = Debug|Any CPU
		{30A677DD-A527-4269-9595-D13118FA3F65}.Release|Any CPU.ActiveCfg = Release|Any CPU
		{30A677DD-A527-4269-9595-D13118FA3F65}.Release|Any CPU.Build.0 = Release|Any CPU
	EndGlobalSection
	GlobalSection(SolutionProperties) = preSolution
		HideSolutionNode = FALSE
	EndGlobalSection
	GlobalSection(ExtensibilityGlobals) = postSolution
		SolutionGuid = {C7F21369-1C6C-4A9D-B197-685F70B584F6}
	EndGlobalSection
EndGlobal
